
Microsoft Visual Studio Solution File, Format Version 12.00
# Visual Studio Version 16
VisualStudioVersion = 16.0.30621.155
MinimumVisualStudioVersion = 10.0.40219.1
Project("{FAE04EC0-301F-11D3-BF4B-00C04F79EFBC}") = "EmployeeInformation", "EmployeeInformation.csproj", "{0C3AF8D0-F59A-40DE-8593-B469C958327C}"
EndProject
Global
	GlobalSection(SolutionConfigurationPlatforms) = preSolution
		Debug|Any CPU = Debug|Any CPU
		Release|Any CPU = Release|Any CPU
	EndGlobalSection
	GlobalSection(ProjectConfigurationPlatforms) = postSolution
		{0C3AF8D0-F59A-40DE-8593-B469C958327C}.Debug|Any CPU.ActiveCfg = Debug|Any CPU
		{0C3AF8D0-F59A-40DE-8593-B469C958327C}.Debug|Any CPU.Build.0 = Debug|Any CPU
		{0C3AF8D0-F59A-40DE-8593-B469C958327C}.Release|Any CPU.ActiveCfg = Release|Any CPU
		{0C3AF8D0-F59A-40DE-8593-B469C958327C}.Release|Any CPU.Build.0 = Release|Any CPU
	EndGlobalSection
	GlobalSection(SolutionProperties) = preSolution
		HideSolutionNode = FALSE
	EndGlobalSection
	GlobalSection(ExtensibilityGlobals) = postSolution
		SolutionGuid = {24A77498-8E54-4D23-AC85-D2A6CC8BD51E}
	EndGlobalSection
EndGlobal
